Microsoft Visual Studio Solution File, Format Version 12.00
# Visual Studio Version 17
VisualStudioVersion = 17.5.2.0
MinimumVisualStudioVersion = 10.0.40219.1
Project("{FAE04EC0-301F-11D3-BF4B-00C04F79EFBC}") = "hello-docker", "hello-docker.csproj", "{EB457153-D4AE-7B30-7734-2EDCA80313AD}"
EndProject
Global
	GlobalSection(SolutionConfigurationPlatforms) = preSolution
		Debug|Any CPU = Debug|Any CPU
		Release|Any CPU = Release|Any CPU
	EndGlobalSection
	GlobalSection(ProjectConfigurationPlatforms) = postSolution
		{EB457153-D4AE-7B30-7734-2EDCA80313AD}.Debug|Any CPU.ActiveCfg = Debug|Any CPU
		{EB457153-D4AE-7B30-7734-2EDCA80313AD}.Debug|Any CPU.Build.0 = Debug|Any CPU
		{EB457153-D4AE-7B30-7734-2EDCA80313AD}.Release|Any CPU.ActiveCfg = Release|Any CPU
		{EB457153-D4AE-7B30-7734-2EDCA80313AD}.Release|Any CPU.Build.0 = Release|Any CPU
	EndGlobalSection
	GlobalSection(SolutionProperties) = preSolution
		HideSolutionNode = FALSE
	EndGlobalSection
	GlobalSection(ExtensibilityGlobals) = postSolution
		SolutionGuid = {22D4618F-0292-4E19-BF08-DC1EF34C7215}
	EndGlobalSection
EndGlobal
